PODS:
  - ESPProvision (3.1.0):
    - ESPProvision/Core (= 3.1.0)
  - ESPProvision/Core (3.1.0):
    - SwiftProtobuf (~> 1.22.0)
  - Firebase/Auth (11.15.0):
    - Firebase/CoreOnly
    - FirebaseAuth (~> 11.15.0)
  - Firebase/CoreOnly (11.15.0):
    - FirebaseCore (~> 11.15.0)
  - firebase_auth (5.7.0):
    - Firebase/Auth (= 11.15.0)
    - firebase_core
    - Flutter
  - firebase_core (3.15.2):
    - Firebase/CoreOnly (= 11.15.0)
    - Flutter
  - FirebaseAppCheckInterop (11.15.0)
  - FirebaseAuth (11.15.0):
    - FirebaseAppCheckInterop (~> 11.0)
    - FirebaseAuthInterop (~> 11.0)
    - FirebaseCore (~> 11.15.0)
    - FirebaseCoreExtension (~> 11.15.0)
    - GoogleUtilities/AppDelegateSwizzler (~> 8.1)
    - GoogleUtilities/Environment (~> 8.1)
    - GTMSessionFetcher/Core (< 5.0, >= 3.4)
    - RecaptchaInterop (~> 101.0)
  - FirebaseAuthInterop (11.15.0)
  - FirebaseCore (11.15.0):
    - FirebaseCoreInternal (~> 11.15.0)
    - GoogleUtilities/Environment (~> 8.1)
    - GoogleUtilities/Logger (~> 8.1)
  - FirebaseCoreExtension (11.15.0):
    - FirebaseCore (~> 11.15.0)
  - FirebaseCoreInternal (11.15.0):
    - "GoogleUtilities/NSData+zlib (~> 8.1)"
  - Flutter (1.0.0)
  - flutter_blue_plus_darwin (0.0.2):
    - Flutter
    - FlutterMacOS
  - flutter_esp_ble_prov (0.0.1):
    - ESPProvision
    - Flutter
  - GoogleUtilities/AppDelegateSwizzler (8.1.2):
    - GoogleUtilities/Environment
    - GoogleUtilities/Logger
    - GoogleUtilities/Network
    - GoogleUtilities/Privacy
  - GoogleUtilities/Environment (8.1.2):
    - GoogleUtilities/Privacy
  - GoogleUtilities/Logger (8.1.2):
    - GoogleUtilities/Environment
    - GoogleUtilities/Privacy
  - GoogleUtilities/Network (8.1.2):
    - GoogleUtilities/Logger
    - "GoogleUtilities/NSData+zlib"
    - GoogleUtilities/Privacy
    - GoogleUtilities/Reachability
  - "GoogleUtilities/NSData+zlib (8.1.2)":
    - GoogleUtilities/Privacy
  - GoogleUtilities/Privacy (8.1.2)
  - GoogleUtilities/Reachability (8.1.2):
    - GoogleUtilities/Logger
    - GoogleUtilities/Privacy
  - GTMSessionFetcher/Core (4.5.0)
  - permission_handler_apple (9.4.8):
    - Flutter
  - RecaptchaInterop (101.0.0)
  - shared_preferences_foundation (0.0.1):
    - Flutter
    - FlutterMacOS
  - sqflite_darwin (0.0.4):
    - Flutter
    - FlutterMacOS
  - SwiftProtobuf (1.22.1)

DEPENDENCIES:
  - firebase_auth (from `.symlinks/plugins/firebase_auth/ios`)
  - firebase_core (from `.symlinks/plugins/firebase_core/ios`)
  - Flutter (from `Flutter`)
  - flutter_blue_plus_darwin (from `.symlinks/plugins/flutter_blue_plus_darwin/darwin`)
  - flutter_esp_ble_prov (from `.symlinks/plugins/flutter_esp_ble_prov/ios`)
  - permission_handler_apple (from `.symlinks/plugins/permission_handler_apple/ios`)
  - shared_preferences_foundation (from `.symlinks/plugins/shared_preferences_foundation/darwin`)
  - sqflite_darwin (from `.symlinks/plugins/sqflite_darwin/darwin`)

SPEC REPOS:
  trunk:
    - ESPProvision
    - Firebase
    - FirebaseAppCheckInterop
    - FirebaseAuth
    - FirebaseAuthInterop
    - FirebaseCore
    - FirebaseCoreExtension
    - FirebaseCoreInternal
    - GoogleUtilities
    - GTMSessionFetcher
    - RecaptchaInterop
    - SwiftProtobuf

EXTERNAL SOURCES:
  firebase_auth:
    :path: ".symlinks/plugins/firebase_auth/ios"
  firebase_core:
    :path: ".symlinks/plugins/firebase_core/ios"
  Flutter:
    :path: Flutter
  flutter_blue_plus_darwin:
    :path: ".symlinks/plugins/flutter_blue_plus_darwin/darwin"
  flutter_esp_ble_prov:
    :path: ".symlinks/plugins/flutter_esp_ble_prov/ios"
  permission_handler_apple:
    :path: ".symlinks/plugins/permission_handler_apple/ios"
  shared_preferences_foundation:
    :path: ".symlinks/plugins/shared_preferences_foundation/darwin"
  sqflite_darwin:
    :path: ".symlinks/plugins/sqflite_darwin/darwin"

SPEC CHECKSUMS:
  ESPProvision: a24f5156726f9dd4444f856cbed895a7af50aaf9
  Firebase: d99ac19b909cd2c548339c2241ecd0d1599ab02e
  firebase_auth: 50af8366c87bb88c80ebeae62eb60189c7246b9b
  firebase_core: 995454a784ff288be5689b796deb9e9fa3601818
  FirebaseAppCheckInterop: 06fe5a3799278ae4667e6c432edd86b1030fa3df
  FirebaseAuth: a6575e5fbf46b046c58dc211a28a5fbdd8d4c83b
  FirebaseAuthInterop: 7087d7a4ee4bc4de019b2d0c240974ed5d89e2fd
  FirebaseCore: efb3893e5b94f32b86e331e3bd6dadf18b66568e
  FirebaseCoreExtension: edbd30474b5ccf04e5f001470bdf6ea616af2435
  FirebaseCoreInternal: 9afa45b1159304c963da48addb78275ef701c6b4
  Flutter: cabc95a1d2626b1b06e7179b784ebcf0c0cde467
  flutter_blue_plus_darwin: 20a08bfeaa0f7804d524858d3d8744bcc1b6dbc3
  flutter_esp_ble_prov: 6cff8544535225431d58e5577706ba2a1a106303
  GoogleUtilities: 766ace00c6b10d8148408f329d10c4f051931850
  GTMSessionFetcher: fc75fc972958dceedee61cb662ae1da7a83a91cf
  permission_handler_apple: 92d754bbaa7361d436db2d6c3c1c2a0fdcec462e
  RecaptchaInterop: 11e0b637842dfb48308d242afc3f448062325aba
  shared_preferences_foundation: 7036424c3d8ec98dfe75ff1667cb0cd531ec82bb
  sqflite_darwin: 20b2a3a3b70e43edae938624ce550a3cbf66a3d0
  SwiftProtobuf: 7773c4e96a99d7b8ab7cda0fc30a883732ff93b1

PODFILE CHECKSUM: 3c63482e143d1b91d2d2560aee9fb04ecc74ac7e

COCOAPODS: 1.17.0
